
Microsoft Visual Studio Solution File, Format Version 12.00
# Visual Studio Version 17
VisualStudioVersion = 17.7.34221.43
MinimumVisualStudioVersion = 10.0.40219.1
Project("{FAE04EC0-301F-11D3-BF4B-00C04F79EFBC}") = "DstPlanner.WikiScraper.Gpt3", "Gpt3-DstWikiScraper\DstPlanner.WikiScraper.Gpt3.csproj", "{2CD41E05-3FA1-40BD-95A2-0390C9F6E290}"
EndProject
Global
	GlobalSection(SolutionConfigurationPlatforms) = preSolution
		Debug|Any CPU = Debug|Any CPU
		Release|Any CPU = Release|Any CPU
	EndGlobalSection
	GlobalSection(ProjectConfigurationPlatforms) = postSolution
		{2CD41E05-3FA1-40BD-95A2-0390C9F6E290}.Debug|Any CPU.ActiveCfg = Debug|Any CPU
		{2CD41E05-3FA1-40BD-95A2-0390C9F6E290}.Debug|Any CPU.Build.0 = Debug|Any CPU
		{2CD41E05-3FA1-40BD-95A2-0390C9F6E290}.Release|Any CPU.ActiveCfg = Release|Any CPU
		{2CD41E05-3FA1-40BD-95A2-0390C9F6E290}.Release|Any CPU.Build.0 = Release|Any CPU
	EndGlobalSection
	GlobalSection(SolutionProperties) = preSolution
		HideSolutionNode = FALSE
	EndGlobalSection
	GlobalSection(ExtensibilityGlobals) = postSolution
		SolutionGuid = {2BB9A821-3E1A-47E4-B8F0-A38074B44E41}
	EndGlobalSection
EndGlobal
